<?xml version="1.0" encoding="utf-8"?>
<Project ToolsVersion="4.0" xmlns="http://schemas.microsoft.com/developer/msbuild/2003">
  <ItemGroup>
    <Filter Include="Source Files">
      <UniqueIdentifier>{4FC737F1-C7A5-4376-A066-2A32D752A2FF}</UniqueIdentifier>
      <Extensions>cpp;c;cc;cxx;def;odl;idl;hpj;bat;asm;asmx</Extensions>
    </Filter>
    <Filter Include="Header Files">
      <UniqueIdentifier>{93995380-89BD-4b04-88EB-625FBE52EBFB}</UniqueIdentifier>
      <Extensions>h;hh;hpp;hxx;hm;inl;inc;xsd</Extensions>
    </Filter>
    <Filter Include="Resource Files">
      <UniqueIdentifier>{67DA6AB6-F800-4c08-8B7A-83BB121AAD01}</UniqueIdentifier>
      <Extensions>rc;ico;cur;bmp;dlg;rc2;rct;bin;rgs;gif;jpg;jpeg;jpe;resx;tiff;tif;png;wav;mfcribbon-ms</Extensions>
    </Filter>
  </ItemGroup>
  <ItemGroup>
    <ClInclude Include="AboutGPL.h">
      <Filter>Header Files</Filter>
    </ClInclude>
    <ClInclude Include="ADisplay.h">
      <Filter>Header Files</Filter>
    </ClInclude>
    <ClInclude Include="afxdefs.h">
      <Filter>Header Files</Filter>
    </ClInclude>
    <ClInclude Include="afxres.h">
      <Filter>Header Files</Filter>
    </ClInclude>
    <ClInclude Include="FSQAR.h">
      <Filter>Header Files</Filter>
    </ClInclude>
    <ClInclude Include="HelpIDs.h">
      <Filter>Header Files</Filter>
    </ClInclude>
    <ClInclude Include="IntList.h">
      <Filter>Header Files</Filter>
    </ClInclude>
    <ClInclude Include="Registry.h">
      <Filter>Header Files</Filter>
    </ClInclude>
    <ClInclude Include="resource.h">
      <Filter>Header Files</Filter>
    </ClInclude>
    <ClInclude Include="SCExport.h">
      <Filter>Header Files</Filter>
    </ClInclude>
    <ClInclude Include="SimClient.h">
      <Filter>Header Files</Filter>
    </ClInclude>
    <ClInclude Include="SimConnect_p3d_v3.h">
      <Filter>Header Files</Filter>
    </ClInclude>
    <ClInclude Include="SimVarIDS.h">
      <Filter>Header Files</Filter>
    </ClInclude>
    <ClInclude Include="simvarres.h">
      <Filter>Header Files</Filter>
    </ClInclude>
    <ClInclude Include="StdAfx.h">
      <Filter>Header Files</Filter>
    </ClInclude>
    <ClInclude Include="webcont.h">
      <Filter>Header Files</Filter>
    </ClInclude>
    <ClInclude Include="ZipImpl.h">
      <Filter>Header Files</Filter>
    </ClInclude>
  </ItemGroup>
  <ItemGroup>
    <ClCompile Include="AboutGPL.cpp">
      <Filter>Source Files</Filter>
    </ClCompile>
    <ClCompile Include="BitmapFile.cpp">
      <Filter>Source Files</Filter>
    </ClCompile>
    <ClCompile Include="ControlPad.cpp">
      <Filter>Source Files</Filter>
    </ClCompile>
    <ClCompile Include="FavorDlg.cpp">
      <Filter>Source Files</Filter>
    </ClCompile>
    <ClCompile Include="FileOutput.cpp">
      <Filter>Source Files</Filter>
    </ClCompile>
    <ClCompile Include="FrameWnd.cpp">
      <Filter>Source Files</Filter>
    </ClCompile>
    <ClCompile Include="GDisplay.cpp">
      <Filter>Source Files</Filter>
    </ClCompile>
    <ClCompile Include="GlobFunc.cpp">
      <Filter>Source Files</Filter>
    </ClCompile>
    <ClCompile Include="MyDebug.cpp">
      <Filter>Source Files</Filter>
    </ClCompile>
    <ClCompile Include="MyValidObject.cpp">
      <Filter>Source Files</Filter>
    </ClCompile>
    <ClCompile Include="NDisplay.cpp">
      <Filter>Source Files</Filter>
    </ClCompile>
    <ClCompile Include="Output.cpp">
      <Filter>Source Files</Filter>
    </ClCompile>
    <ClCompile Include="QARApp.cpp">
      <Filter>Source Files</Filter>
    </ClCompile>
    <ClCompile Include="Registry.cpp">
      <Filter>Source Files</Filter>
    </ClCompile>
    <ClCompile Include="RegUtils.cpp">
      <Filter>Source Files</Filter>
    </ClCompile>
    <ClCompile Include="SCExport.cpp">
      <Filter>Source Files</Filter>
    </ClCompile>
    <ClCompile Include="SDisplay.cpp">
      <Filter>Source Files</Filter>
    </ClCompile>
    <ClCompile Include="SimClient.cpp">
      <Filter>Source Files</Filter>
    </ClCompile>
    <ClCompile Include="SimClientOptions.cpp">
      <Filter>Source Files</Filter>
    </ClCompile>
    <ClCompile Include="SimData.cpp">
      <Filter>Source Files</Filter>
    </ClCompile>
    <ClCompile Include="SimDispatch.cpp">
      <Filter>Source Files</Filter>
    </ClCompile>
    <ClCompile Include="SimExcept.cpp">
      <Filter>Source Files</Filter>
    </ClCompile>
    <ClCompile Include="SimOptionDlg.cpp">
      <Filter>Source Files</Filter>
    </ClCompile>
    <ClCompile Include="SimOutput.cpp">
      <Filter>Source Files</Filter>
    </ClCompile>
    <ClCompile Include="SimThread.cpp">
      <Filter>Source Files</Filter>
    </ClCompile>
    <ClCompile Include="Statusbar.cpp">
      <Filter>Source Files</Filter>
    </ClCompile>
    <ClCompile Include="StdAfx.cpp">
      <Filter>Source Files</Filter>
    </ClCompile>
    <ClCompile Include="TabWindow.cpp">
      <Filter>Source Files</Filter>
    </ClCompile>
    <ClCompile Include="Toolbar.cpp">
      <Filter>Source Files</Filter>
    </ClCompile>
    <ClCompile Include="VALIDADD.CPP">
      <Filter>Source Files</Filter>
    </ClCompile>
    <ClCompile Include="WinMain.cpp">
      <Filter>Source Files</Filter>
    </ClCompile>
    <ClCompile Include="WndCore.cpp">
      <Filter>Source Files</Filter>
    </ClCompile>
    <ClCompile Include="ZipImpl.cpp">
      <Filter>Source Files</Filter>
    </ClCompile>
    <ClCompile Include="OutFolderDialog.cpp">
      <Filter>Source Files</Filter>
    </ClCompile>
  </ItemGroup>
  <ItemGroup>
    <ResourceCompile Include="FSX_QAR.rc">
      <Filter>Resource Files</Filter>
    </ResourceCompile>
    <ResourceCompile Include="SimVarString.rc">
      <Filter>Resource Files</Filter>
    </ResourceCompile>
  </ItemGroup>
  <ItemGroup>
    <Text Include="vars_dump.txt" />
    <Text Include="Readme.txt" />
  </ItemGroup>
  <ItemGroup>
    <Image Include="res\State1.ico">
      <Filter>Resource Files</Filter>
    </Image>
    <Image Include="res\State2.ico">
      <Filter>Resource Files</Filter>
    </Image>
    <Image Include="res\Tab2.ico">
      <Filter>Resource Files</Filter>
    </Image>
    <Image Include="res\Tab3.ico">
      <Filter>Resource Files</Filter>
    </Image>
    <Image Include="res\Tab1.ico">
      <Filter>Resource Files</Filter>
    </Image>
    <Image Include="Res\Mainfrm.bmp">
      <Filter>Resource Files</Filter>
    </Image>
    <Image Include="res\SMEAR.bmp">
      <Filter>Resource Files</Filter>
    </Image>
    <Image Include="res\Rebar.bmp">
      <Filter>Resource Files</Filter>
    </Image>
    <Image Include="res\Collapsed.bmp">
      <Filter>Resource Files</Filter>
    </Image>
    <Image Include="res\Unfold.bmp">
      <Filter>Resource Files</Filter>
    </Image>
    <Image Include="res\QAR_tool1.bmp">
      <Filter>Resource Files</Filter>
    </Image>
    <Image Include="Res\AlexShag_Logo.bmp">
      <Filter>Resource Files</Filter>
    </Image>
    <Image Include="res\demo.bmp">
      <Filter>Resource Files</Filter>
    </Image>
    <Image Include="Res\FSX_QAR.ico">
      <Filter>Resource Files</Filter>
    </Image>
    <Image Include="res\Options.ico">
      <Filter>Resource Files</Filter>
    </Image>
    <Image Include="res\icon3.ico">
      <Filter>Resource Files</Filter>
    </Image>
    <Image Include="res\ico00001.ico">
      <Filter>Resource Files</Filter>
    </Image>
    <Image Include="res\icon2.ico">
      <Filter>Resource Files</Filter>
    </Image>
    <Image Include="res\GZIP.ico">
      <Filter>Resource Files</Filter>
    </Image>
    <Image Include="res\bitmap1.bmp">
      <Filter>Resource Files</Filter>
    </Image>
    <Image Include="res\ListLarge.bmp">
      <Filter>Resource Files</Filter>
    </Image>
  </ItemGroup>
  <ItemGroup>
    <None Include="res\FSQAR_About.htm" />
    <None Include="RES\gpl-3.0-standalone.html" />
    <None Include="Res\CursorHand.cur">
      <Filter>Resource Files</Filter>
    </None>
    <None Include="Readme.htm" />
  </ItemGroup>
  <ItemGroup>
    <Manifest Include="FSQAR.exe.manifest" />
  </ItemGroup>
</Project>